{
  "name": "Digicheese-v2",
  "lockfileVersion": 3,
  "requires": true,
  "packages": {
    "": {
      "dependencies": {
        "@hookform/resolvers": "^5.2.2",
        "@tanstack/react-query": "^5.94.5",
        "@tanstack/react-query-devtools": "^5.94.5",
        "@tanstack/react-router": "^1.168.2",
        "react-hook-form": "^7.72.0",
        "zod": "^4.3.6",
        "zustand": "^5.0.12"
      }
    },
    "node_modules/@hookform/resolvers": {
      "version": "5.2.2",
      "resolved": "https://registry.npmjs.org/@hookform/resolvers/-/resolvers-5.2.2.tgz",
      "integrity": "sha512-A/IxlMLShx3KjV/HeTcTfaMxdwy690+L/ZADoeaTltLx+CVuzkeVIPuybK3jrRfw7YZnmdKsVVHAlEPIAEUNlA==",
      "license": "MIT",
      "dependencies": {
        "@standard-schema/utils": "^0.3.0"
      },
      "peerDependencies": {
        "react-hook-form": "^7.55.0"
      }
    },
    "node_modules/@standard-schema/utils": {
      "version": "0.3.0",
      "resolved": "https://registry.npmjs.org/@standard-schema/utils/-/utils-0.3.0.tgz",
      "integrity": "sha512-e7Mew686owMaPJVNNLs55PUvgz371nKgwsc4vxE49zsODpJEnxgxRo2y/OKrqueavXgZNMDVj3DdHFlaSAeU8g==",
      "license": "MIT"
    },
    "node_modules/@tanstack/history": {
      "version": "1.161.6",
      "resolved": "https://registry.npmjs.org/@tanstack/history/-/history-1.161.6.tgz",
      "integrity": "sha512-NaOGLRrddszbQj9upGat6HG/4TKvXLvu+osAIgfxPYA+eIvYKv8GKDJOrY2D3/U9MRnKfMWD7bU4jeD4xmqyIg==",
      "license": "MIT",
      "engines": {
        "node": ">=20.19"
      },
      "funding": {
        "type": "github",
        "url": "https://github.com/sponsors/tannerlinsley"
      }
    },
    "node_modules/@tanstack/query-core": {
      "version": "5.94.5",
      "resolved": "https://registry.npmjs.org/@tanstack/query-core/-/query-core-5.94.5.tgz",
      "integrity": "sha512-Vx1JJiBURW/wdNGP45afjrqn0LfxYwL7K/bSrQvNRtyLGF1bxQPgUXCpzscG29e+UeFOh9hz1KOVala0N+bZiA==",
      "license": "MIT",
      "funding": {
        "type": "github",
        "url": "https://github.com/sponsors/tannerlinsley"
      }
    },
    "node_modules/@tanstack/query-devtools": {
      "version": "5.94.5",
      "resolved": "https://registry.npmjs.org/@tanstack/query-devtools/-/query-devtools-5.94.5.tgz",
      "integrity": "sha512-rjn7mdo9wdB9AhthaOkwT3uLn15DrkDOI9Nyg6vU8BXi8/VsQSUvv1g0L0AdAaFH/4VDaBDe7SQSxqlTwMu1Mw==",
      "license": "MIT",
      "funding": {
        "type": "github",
        "url": "https://github.com/sponsors/tannerlinsley"
      }
    },
    "node_modules/@tanstack/react-query": {
      "version": "5.94.5",
      "resolved": "https://registry.npmjs.org/@tanstack/react-query/-/react-query-5.94.5.tgz",
      "integrity": "sha512-1wmrxKFkor+q8l+ygdHmv0Sq5g84Q3p4xvuJ7AdSIAhQQ7udOt+ZSZ19g1Jea3mHqtlTslLGJsmC4vHFgP0P3A==",
      "license": "MIT",
      "dependencies": {
        "@tanstack/query-core": "5.94.5"
      },
      "funding": {
        "type": "github",
        "url": "https://github.com/sponsors/tannerlinsley"
      },
      "peerDependencies": {
        "react": "^18 || ^19"
      }
    },
    "node_modules/@tanstack/react-query-devtools": {
      "version": "5.94.5",
      "resolved": "https://registry.npmjs.org/@tanstack/react-query-devtools/-/react-query-devtools-5.94.5.tgz",
      "integrity": "sha512-KAe2yuN+K/uMivV0XnldEc/rgpTyxxFaEG1oPulQONOX/xq4DRxQqDTa3nvKEdqESQ42dbTAwi2XAph6ZsI/qQ==",
      "license": "MIT",
      "dependencies": {
        "@tanstack/query-devtools": "5.94.5"
      },
      "funding": {
        "type": "github",
        "url": "https://github.com/sponsors/tannerlinsley"
      },
      "peerDependencies": {
        "@tanstack/react-query": "^5.94.5",
        "react": "^18 || ^19"
      }
    },
    "node_modules/@tanstack/react-router": {
      "version": "1.168.2",
      "resolved": "https://registry.npmjs.org/@tanstack/react-router/-/react-router-1.168.2.tgz",
      "integrity": "sha512-zUDRM01m81xDCeTLHuqsvKR9zpf+bdfEhyadcUNSbO1930lIeOKLmMscUUNHWhc7Gqpi/V8Xl85QcJFAIAGmvQ==",
      "license": "MIT",
      "dependencies": {
        "@tanstack/history": "1.161.6",
        "@tanstack/react-store": "^0.9.2",
        "@tanstack/router-core": "1.168.2",
        "isbot": "^5.1.22"
      },
      "engines": {
        "node": ">=20.19"
      },
      "funding": {
        "type": "github",
        "url": "https://github.com/sponsors/tannerlinsley"
      },
      "peerDependencies": {
        "react": ">=18.0.0 || >=19.0.0",
        "react-dom": ">=18.0.0 || >=19.0.0"
      }
    },
    "node_modules/@tanstack/react-store": {
      "version": "0.9.2",
      "resolved": "https://registry.npmjs.org/@tanstack/react-store/-/react-store-0.9.2.tgz",
      "integrity": "sha512-Vt5usJE5sHG/cMechQfmwvwne6ktGCELe89Lmvoxe3LKRoFrhPa8OCKWs0NliG8HTJElEIj7PLtaBQIcux5pAQ==",
      "license": "MIT",
      "dependencies": {
        "@tanstack/store": "0.9.2",
        "use-sync-external-store": "^1.6.0"
      },
      "funding": {
        "type": "github",
        "url": "https://github.com/sponsors/tannerlinsley"
      },
      "peerDependencies": {
        "react": "^16.8.0 || ^17.0.0 || ^18.0.0 || ^19.0.0",
        "react-dom": "^16.8.0 || ^17.0.0 || ^18.0.0 || ^19.0.0"
      }
    },
    "node_modules/@tanstack/router-core": {
      "version": "1.168.2",
      "resolved": "https://registry.npmjs.org/@tanstack/router-core/-/router-core-1.168.2.tgz",
      "integrity": "sha512-9wHR7syfY7y/qrvTvv8bugh6mrKk58TuiSQp44nbGW0BpE2+IIta1DBeL5jHr9AD1a+c5fVKSu/JXsKeniUc9w==",
      "license": "MIT",
      "dependencies": {
        "@tanstack/history": "1.161.6",
        "cookie-es": "^2.0.0",
        "seroval": "^1.4.2",
        "seroval-plugins": "^1.4.2"
      },
      "bin": {
        "intent": "bin/intent.js"
      },
      "engines": {
        "node": ">=20.19"
      },
      "funding": {
        "type": "github",
        "url": "https://github.com/sponsors/tannerlinsley"
      }
    },
    "node_modules/@tanstack/store": {
      "version": "0.9.2",
      "resolved": "https://registry.npmjs.org/@tanstack/store/-/store-0.9.2.tgz",
      "integrity": "sha512-K013lUJEFJK2ofFQ/hZKJUmCnpcV00ebLyOyFOWQvyQHUOZp/iYO84BM6aOGiV81JzwbX0APTVmW8YI7yiG5oA==",
      "license": "MIT",
      "funding": {
        "type": "github",
        "url": "https://github.com/sponsors/tannerlinsley"
      }
    },
    "node_modules/cookie-es": {
      "version": "2.0.0",
      "resolved": "https://registry.npmjs.org/cookie-es/-/cookie-es-2.0.0.tgz",
      "integrity": "sha512-RAj4E421UYRgqokKUmotqAwuplYw15qtdXfY+hGzgCJ/MBjCVZcSoHK/kH9kocfjRjcDME7IiDWR/1WX1TM2Pg==",
      "license": "MIT"
    },
    "node_modules/isbot": {
      "version": "5.1.36",
      "resolved": "https://registry.npmjs.org/isbot/-/isbot-5.1.36.tgz",
      "integrity": "sha512-C/ZtXyJqDPZ7G7JPr06ApWyYoHjYexQbS6hPYD4WYCzpv2Qes6Z+CCEfTX4Owzf+1EJ933PoI2p+B9v7wpGZBQ==",
      "license": "Unlicense",
      "engines": {
        "node": ">=18"
      }
    },
    "node_modules/react": {
      "version": "19.2.4",
      "resolved": "https://registry.npmjs.org/react/-/react-19.2.4.tgz",
      "integrity": "sha512-9nfp2hYpCwOjAN+8TZFGhtWEwgvWHXqESH8qT89AT/lWklpLON22Lc8pEtnpsZz7VmawabSU0gCjnj8aC0euHQ==",
      "license": "MIT",
      "peer": true,
      "engines": {
        "node": ">=0.10.0"
      }
    },
    "node_modules/react-dom": {
      "version": "19.2.4",
      "resolved": "https://registry.npmjs.org/react-dom/-/react-dom-19.2.4.tgz",
      "integrity": "sha512-AXJdLo8kgMbimY95O2aKQqsz2iWi9jMgKJhRBAxECE4IFxfcazB2LmzloIoibJI3C12IlY20+KFaLv+71bUJeQ==",
      "license": "MIT",
      "peer": true,
      "dependencies": {
        "scheduler": "^0.27.0"
      },
      "peerDependencies": {
        "react": "^19.2.4"
      }
    },
    "node_modules/react-hook-form": {
      "version": "7.72.0",
      "resolved": "https://registry.npmjs.org/react-hook-form/-/react-hook-form-7.72.0.tgz",
      "integrity": "sha512-V4v6jubaf6JAurEaVnT9aUPKFbNtDgohj5CIgVGyPHvT9wRx5OZHVjz31GsxnPNI278XMu+ruFz+wGOscHaLKw==",
      "license": "MIT",
      "engines": {
        "node": ">=18.0.0"
      },
      "funding": {
        "type": "opencollective",
        "url": "https://opencollective.com/react-hook-form"
      },
      "peerDependencies": {
        "react": "^16.8.0 || ^17 || ^18 || ^19"
      }
    },
    "node_modules/scheduler": {
      "version": "0.27.0",
      "resolved": "https://registry.npmjs.org/scheduler/-/scheduler-0.27.0.tgz",
      "integrity": "sha512-eNv+WrVbKu1f3vbYJT/xtiF5syA5HPIMtf9IgY/nKg0sWqzAUEvqY/xm7OcZc/qafLx/iO9FgOmeSAp4v5ti/Q==",
      "license": "MIT",
      "peer": true
    },
    "node_modules/seroval": {
      "version": "1.5.1",
      "resolved": "https://registry.npmjs.org/seroval/-/seroval-1.5.1.tgz",
      "integrity": "sha512-OwrZRZAfhHww0WEnKHDY8OM0U/Qs8OTfIDWhUD4BLpNJUfXK4cGmjiagGze086m+mhI+V2nD0gfbHEnJjb9STA==",
      "license": "MIT",
      "engines": {
        "node": ">=10"
      }
    },
    "node_modules/seroval-plugins": {
      "version": "1.5.1",
      "resolved": "https://registry.npmjs.org/seroval-plugins/-/seroval-plugins-1.5.1.tgz",
      "integrity": "sha512-4FbuZ/TMl02sqv0RTFexu0SP6V+ywaIe5bAWCCEik0fk17BhALgwvUDVF7e3Uvf9pxmwCEJsRPmlkUE6HdzLAw==",
      "license": "MIT",
      "engines": {
        "node": ">=10"
      },
      "peerDependencies": {
        "seroval": "^1.0"
      }
    },
    "node_modules/use-sync-external-store": {
      "version": "1.6.0",
      "resolved": "https://registry.npmjs.org/use-sync-external-store/-/use-sync-external-store-1.6.0.tgz",
      "integrity": "sha512-Pp6GSwGP/NrPIrxVFAIkOQeyw8lFenOHijQWkUTrDvrF4ALqylP2C/KCkeS9dpUM3KvYRQhna5vt7IL95+ZQ9w==",
      "license": "MIT",
      "peerDependencies": {
        "react": "^16.8.0 || ^17.0.0 || ^18.0.0 || ^19.0.0"
      }
    },
    "node_modules/zod": {
      "version": "4.3.6",
      "resolved": "https://registry.npmjs.org/zod/-/zod-4.3.6.tgz",
      "integrity": "sha512-rftlrkhHZOcjDwkGlnUtZZkvaPHCsDATp4pGpuOOMDaTdDDXF91wuVDJoWoPsKX/3YPQ5fHuF3STjcYyKr+Qhg==",
      "license": "MIT",
      "funding": {
        "url": "https://github.com/sponsors/colinhacks"
      }
    },
    "node_modules/zustand": {
      "version": "5.0.12",
      "resolved": "https://registry.npmjs.org/zustand/-/zustand-5.0.12.tgz",
      "integrity": "sha512-i77ae3aZq4dhMlRhJVCYgMLKuSiZAaUPAct2AksxQ+gOtimhGMdXljRT21P5BNpeT4kXlLIckvkPM029OljD7g==",
      "license": "MIT",
      "engines": {
        "node": ">=12.20.0"
      },
      "peerDependencies": {
        "@types/react": ">=18.0.0",
        "immer": ">=9.0.6",
        "react": ">=18.0.0",
        "use-sync-external-store": ">=1.2.0"
      },
      "peerDependenciesMeta": {
        "@types/react": {
          "optional": true
        },
        "immer": {
          "optional": true
        },
        "react": {
          "optional": true
        },
        "use-sync-external-store": {
          "optional": true
        }
      }
    }
  }
}
